Microsoft Visual Studio Solution File, Format Version 12.00
# Visual Studio Version 17
VisualStudioVersion = 17.5.002.0
MinimumVisualStudioVersion = 10.0.40219.1
Project("{9A19103F-16F7-4668-BE54-9A1E7A4F7556}") = "Xaes256Gcm", "src\Xaes256Gcm.csproj", "{329FD5EE-2CE8-453B-9C63-C519BE065F8F}"
EndProject
Project("{FAE04EC0-301F-11D3-BF4B-00C04F79EFBC}") = "Xaes256GcmTests", "test\Xaes256GcmTests.csproj", "{42A8B62D-B72A-40E9-A6FF-1763B2CD70B3}"
EndProject
Global
	GlobalSection(SolutionConfigurationPlatforms) = preSolution
		Debug|Any CPU = Debug|Any CPU
		Release|Any CPU = Release|Any CPU
	EndGlobalSection
	GlobalSection(ProjectConfigurationPlatforms) = postSolution
		{329FD5EE-2CE8-453B-9C63-C519BE065F8F}.Debug|Any CPU.ActiveCfg = Debug|Any CPU
		{329FD5EE-2CE8-453B-9C63-C519BE065F8F}.Debug|Any CPU.Build.0 = Debug|Any CPU
		{329FD5EE-2CE8-453B-9C63-C519BE065F8F}.Release|Any CPU.ActiveCfg = Release|Any CPU
		{329FD5EE-2CE8-453B-9C63-C519BE065F8F}.Release|Any CPU.Build.0 = Release|Any CPU
		{42A8B62D-B72A-40E9-A6FF-1763B2CD70B3}.Debug|Any CPU.ActiveCfg = Debug|Any CPU
		{42A8B62D-B72A-40E9-A6FF-1763B2CD70B3}.Debug|Any CPU.Build.0 = Debug|Any CPU
		{42A8B62D-B72A-40E9-A6FF-1763B2CD70B3}.Release|Any CPU.ActiveCfg = Release|Any CPU
		{42A8B62D-B72A-40E9-A6FF-1763B2CD70B3}.Release|Any CPU.Build.0 = Release|Any CPU
	EndGlobalSection
	GlobalSection(SolutionProperties) = preSolution
		HideSolutionNode = FALSE
	EndGlobalSection
	GlobalSection(ExtensibilityGlobals) = postSolution
		SolutionGuid = {25398464-72B3-4795-8907-E76BAC128F7C}
	EndGlobalSection
EndGlobal
